
Microsoft Visual Studio Solution File, Format Version 12.00
# Visual Studio 15
VisualStudioVersion = 15.0.28307.1022
MinimumVisualStudioVersion = 10.0.40219.1
Project("{FAE04EC0-301F-11D3-BF4B-00C04F79EFBC}") = "Assignment02", "Assignment02\Assignment02.csproj", "{F0C55D2D-506E-4416-A81E-4D18B8BE50ED}"
EndProject
Project("{FAE04EC0-301F-11D3-BF4B-00C04F79EFBC}") = "Transaction", "Transaction\Transaction.csproj", "{8BDA00E4-D313-411C-BD22-2B2A52E46CBC}"
EndProject
Project("{FAE04EC0-301F-11D3-BF4B-00C04F79EFBC}") = "Abstract", "Abstract\Abstract.csproj", "{14A49143-5864-439C-A8AC-822FC86F6EC4}"
EndProject
Global
	GlobalSection(SolutionConfigurationPlatforms) = preSolution
		Debug|Any CPU = Debug|Any CPU
		Release|Any CPU = Release|Any CPU
	EndGlobalSection
	GlobalSection(ProjectConfigurationPlatforms) = postSolution
		{F0C55D2D-506E-4416-A81E-4D18B8BE50ED}.Debug|Any CPU.ActiveCfg = Debug|Any CPU
		{F0C55D2D-506E-4416-A81E-4D18B8BE50ED}.Debug|Any CPU.Build.0 = Debug|Any CPU
		{F0C55D2D-506E-4416-A81E-4D18B8BE50ED}.Release|Any CPU.ActiveCfg = Release|Any CPU
		{F0C55D2D-506E-4416-A81E-4D18B8BE50ED}.Release|Any CPU.Build.0 = Release|Any CPU
		{8BDA00E4-D313-411C-BD22-2B2A52E46CBC}.Debug|Any CPU.ActiveCfg = Debug|Any CPU
		{8BDA00E4-D313-411C-BD22-2B2A52E46CBC}.Debug|Any CPU.Build.0 = Debug|Any CPU
		{8BDA00E4-D313-411C-BD22-2B2A52E46CBC}.Release|Any CPU.ActiveCfg = Release|Any CPU
		{8BDA00E4-D313-411C-BD22-2B2A52E46CBC}.Release|Any CPU.Build.0 = Release|Any CPU
		{14A49143-5864-439C-A8AC-822FC86F6EC4}.Debug|Any CPU.ActiveCfg = Debug|Any CPU
		{14A49143-5864-439C-A8AC-822FC86F6EC4}.Debug|Any CPU.Build.0 = Debug|Any CPU
		{14A49143-5864-439C-A8AC-822FC86F6EC4}.Release|Any CPU.ActiveCfg = Release|Any CPU
		{14A49143-5864-439C-A8AC-822FC86F6EC4}.Release|Any CPU.Build.0 = Release|Any CPU
	EndGlobalSection
	GlobalSection(SolutionProperties) = preSolution
		HideSolutionNode = FALSE
	EndGlobalSection
	GlobalSection(ExtensibilityGlobals) = postSolution
		SolutionGuid = {BD31D493-0701-4F2B-81E9-0C9E6628C588}
	EndGlobalSection
EndGlobal
