
Microsoft Visual Studio Solution File, Format Version 12.00
# Visual Studio 15
VisualStudioVersion = 15.0.28307.1022
MinimumVisualStudioVersion = 10.0.40219.1
Project("{FAE04EC0-301F-11D3-BF4B-00C04F79EFBC}") = "JuiceShopPresentationLayer", "JuiceShop\JuiceShopPresentationLayer.csproj", "{FECF6BE6-0ECA-45C6-9BC4-4CFE34516538}"
EndProject
Project("{FAE04EC0-301F-11D3-BF4B-00C04F79EFBC}") = "JuiceShopBusinessLayer", "JuiceShopBusinessLayer\JuiceShopBusinessLayer.csproj", "{F7B57A68-A602-4089-8C20-0A7119203DA6}"
EndProject
Project("{FAE04EC0-301F-11D3-BF4B-00C04F79EFBC}") = "JuiceShopDataAccessLayer", "JuiceShopDataAccessLayer\JuiceShopDataAccessLayer.csproj", "{2291426B-94DF-4BA2-9886-2DCD9AD7EC21}"
EndProject
Project("{FAE04EC0-301F-11D3-BF4B-00C04F79EFBC}") = "Entities", "Entities\Entities.csproj", "{BF3581BC-4343-4E94-88A3-BB5BDE5A6640}"
EndProject
Project("{FAE04EC0-301F-11D3-BF4B-00C04F79EFBC}") = "Exceptions", "Exceptions\Exceptions.csproj", "{9AAAE46C-540C-42AA-B11D-E29174ADCDC5}"
EndProject
Global
	GlobalSection(SolutionConfigurationPlatforms) = preSolution
		Debug|Any CPU = Debug|Any CPU
		Release|Any CPU = Release|Any CPU
	EndGlobalSection
	GlobalSection(ProjectConfigurationPlatforms) = postSolution
		{FECF6BE6-0ECA-45C6-9BC4-4CFE34516538}.Debug|Any CPU.ActiveCfg = Debug|Any CPU
		{FECF6BE6-0ECA-45C6-9BC4-4CFE34516538}.Debug|Any CPU.Build.0 = Debug|Any CPU
		{FECF6BE6-0ECA-45C6-9BC4-4CFE34516538}.Release|Any CPU.ActiveCfg = Release|Any CPU
		{FECF6BE6-0ECA-45C6-9BC4-4CFE34516538}.Release|Any CPU.Build.0 = Release|Any CPU
		{F7B57A68-A602-4089-8C20-0A7119203DA6}.Debug|Any CPU.ActiveCfg = Debug|Any CPU
		{F7B57A68-A602-4089-8C20-0A7119203DA6}.Debug|Any CPU.Build.0 = Debug|Any CPU
		{F7B57A68-A602-4089-8C20-0A7119203DA6}.Release|Any CPU.ActiveCfg = Release|Any CPU
		{F7B57A68-A602-4089-8C20-0A7119203DA6}.Release|Any CPU.Build.0 = Release|Any CPU
		{2291426B-94DF-4BA2-9886-2DCD9AD7EC21}.Debug|Any CPU.ActiveCfg = Debug|Any CPU
		{2291426B-94DF-4BA2-9886-2DCD9AD7EC21}.Debug|Any CPU.Build.0 = Debug|Any CPU
		{2291426B-94DF-4BA2-9886-2DCD9AD7EC21}.Release|Any CPU.ActiveCfg = Release|Any CPU
		{2291426B-94DF-4BA2-9886-2DCD9AD7EC21}.Release|Any CPU.Build.0 = Release|Any CPU
		{BF3581BC-4343-4E94-88A3-BB5BDE5A6640}.Debug|Any CPU.ActiveCfg = Debug|Any CPU
		{BF3581BC-4343-4E94-88A3-BB5BDE5A6640}.Debug|Any CPU.Build.0 = Debug|Any CPU
		{BF3581BC-4343-4E94-88A3-BB5BDE5A6640}.Release|Any CPU.ActiveCfg = Release|Any CPU
		{BF3581BC-4343-4E94-88A3-BB5BDE5A6640}.Release|Any CPU.Build.0 = Release|Any CPU
		{9AAAE46C-540C-42AA-B11D-E29174ADCDC5}.Debug|Any CPU.ActiveCfg = Debug|Any CPU
		{9AAAE46C-540C-42AA-B11D-E29174ADCDC5}.Debug|Any CPU.Build.0 = Debug|Any CPU
		{9AAAE46C-540C-42AA-B11D-E29174ADCDC5}.Release|Any CPU.ActiveCfg = Release|Any CPU
		{9AAAE46C-540C-42AA-B11D-E29174ADCDC5}.Release|Any CPU.Build.0 = Release|Any CPU
	EndGlobalSection
	GlobalSection(SolutionProperties) = preSolution
		HideSolutionNode = FALSE
	EndGlobalSection
	GlobalSection(ExtensibilityGlobals) = postSolution
		SolutionGuid = {F7831399-D388-45BF-93BE-481A920CA567}
	EndGlobalSection
EndGlobal
