
Microsoft Visual Studio Solution File, Format Version 12.00
# Visual Studio 15
VisualStudioVersion = 15.0.28307.1022
MinimumVisualStudioVersion = 10.0.40219.1
Project("{FAE04EC0-301F-11D3-BF4B-00C04F79EFBC}") = "WebApplication6", "WebApplication6\WebApplication6.csproj", "{2FD446A5-A185-4221-A25F-C978B8AA9978}"
EndProject
Global
	GlobalSection(SolutionConfigurationPlatforms) = preSolution
		Debug|Any CPU = Debug|Any CPU
		Release|Any CPU = Release|Any CPU
	EndGlobalSection
	GlobalSection(ProjectConfigurationPlatforms) = postSolution
		{2FD446A5-A185-4221-A25F-C978B8AA9978}.Debug|Any CPU.ActiveCfg = Debug|Any CPU
		{2FD446A5-A185-4221-A25F-C978B8AA9978}.Debug|Any CPU.Build.0 = Debug|Any CPU
		{2FD446A5-A185-4221-A25F-C978B8AA9978}.Release|Any CPU.ActiveCfg = Release|Any CPU
		{2FD446A5-A185-4221-A25F-C978B8AA9978}.Release|Any CPU.Build.0 = Release|Any CPU
	EndGlobalSection
	GlobalSection(SolutionProperties) = preSolution
		HideSolutionNode = FALSE
	EndGlobalSection
	GlobalSection(ExtensibilityGlobals) = postSolution
		SolutionGuid = {148B4815-2494-4C99-8200-F0E722235D88}
	EndGlobalSection
EndGlobal
