
Microsoft Visual Studio Solution File, Format Version 12.00
# Visual Studio 15
VisualStudioVersion = 15.0.28307.1022
MinimumVisualStudioVersion = 10.0.40219.1
Project("{FAE04EC0-301F-11D3-BF4B-00C04F79EFBC}") = "CollegeManagementPresentationLayer", "CollegeManagementPresentationLayer\CollegeManagementPresentationLayer.csproj", "{BDDB5CB9-694A-4D82-9AD6-41B35EBCBE04}"
EndProject
Project("{FAE04EC0-301F-11D3-BF4B-00C04F79EFBC}") = "CollegeManagementBusinessLayer", "CollegeManagementBusinessLayer\CollegeManagementBusinessLayer.csproj", "{8B5E707E-A8AB-4851-A48C-A040B596DA47}"
EndProject
Project("{FAE04EC0-301F-11D3-BF4B-00C04F79EFBC}") = "CollegeManagementDataAccesslayer", "CollegeManagementDataAccesslayer\CollegeManagementDataAccesslayer.csproj", "{C1F06841-637C-466F-804E-410CDA49550B}"
EndProject
Project("{FAE04EC0-301F-11D3-BF4B-00C04F79EFBC}") = "CollegeManagementEntities", "CollegeManagementEntities\CollegeManagementEntities.csproj", "{81B36543-7C6A-4BFC-989A-8C9CE07BA8B7}"
EndProject
Project("{FAE04EC0-301F-11D3-BF4B-00C04F79EFBC}") = "Exceptions", "Exceptions\Exceptions.csproj", "{0AF2D2CF-AC95-4DC4-B1FE-1F46CC7C733D}"
EndProject
Global
	GlobalSection(SolutionConfigurationPlatforms) = preSolution
		Debug|Any CPU = Debug|Any CPU
		Release|Any CPU = Release|Any CPU
	EndGlobalSection
	GlobalSection(ProjectConfigurationPlatforms) = postSolution
		{BDDB5CB9-694A-4D82-9AD6-41B35EBCBE04}.Debug|Any CPU.ActiveCfg = Debug|Any CPU
		{BDDB5CB9-694A-4D82-9AD6-41B35EBCBE04}.Debug|Any CPU.Build.0 = Debug|Any CPU
		{BDDB5CB9-694A-4D82-9AD6-41B35EBCBE04}.Release|Any CPU.ActiveCfg = Release|Any CPU
		{BDDB5CB9-694A-4D82-9AD6-41B35EBCBE04}.Release|Any CPU.Build.0 = Release|Any CPU
		{8B5E707E-A8AB-4851-A48C-A040B596DA47}.Debug|Any CPU.ActiveCfg = Debug|Any CPU
		{8B5E707E-A8AB-4851-A48C-A040B596DA47}.Debug|Any CPU.Build.0 = Debug|Any CPU
		{8B5E707E-A8AB-4851-A48C-A040B596DA47}.Release|Any CPU.ActiveCfg = Release|Any CPU
		{8B5E707E-A8AB-4851-A48C-A040B596DA47}.Release|Any CPU.Build.0 = Release|Any CPU
		{C1F06841-637C-466F-804E-410CDA49550B}.Debug|Any CPU.ActiveCfg = Debug|Any CPU
		{C1F06841-637C-466F-804E-410CDA49550B}.Debug|Any CPU.Build.0 = Debug|Any CPU
		{C1F06841-637C-466F-804E-410CDA49550B}.Release|Any CPU.ActiveCfg = Release|Any CPU
		{C1F06841-637C-466F-804E-410CDA49550B}.Release|Any CPU.Build.0 = Release|Any CPU
		{81B36543-7C6A-4BFC-989A-8C9CE07BA8B7}.Debug|Any CPU.ActiveCfg = Debug|Any CPU
		{81B36543-7C6A-4BFC-989A-8C9CE07BA8B7}.Debug|Any CPU.Build.0 = Debug|Any CPU
		{81B36543-7C6A-4BFC-989A-8C9CE07BA8B7}.Release|Any CPU.ActiveCfg = Release|Any CPU
		{81B36543-7C6A-4BFC-989A-8C9CE07BA8B7}.Release|Any CPU.Build.0 = Release|Any CPU
		{0AF2D2CF-AC95-4DC4-B1FE-1F46CC7C733D}.Debug|Any CPU.ActiveCfg = Debug|Any CPU
		{0AF2D2CF-AC95-4DC4-B1FE-1F46CC7C733D}.Debug|Any CPU.Build.0 = Debug|Any CPU
		{0AF2D2CF-AC95-4DC4-B1FE-1F46CC7C733D}.Release|Any CPU.ActiveCfg = Release|Any CPU
		{0AF2D2CF-AC95-4DC4-B1FE-1F46CC7C733D}.Release|Any CPU.Build.0 = Release|Any CPU
	EndGlobalSection
	GlobalSection(SolutionProperties) = preSolution
		HideSolutionNode = FALSE
	EndGlobalSection
	GlobalSection(ExtensibilityGlobals) = postSolution
		SolutionGuid = {E2ECB0BD-FE1D-4BCD-BD71-3DD5B9C5091D}
	EndGlobalSection
EndGlobal
