
Microsoft Visual Studio Solution File, Format Version 12.00
# Visual Studio 15
VisualStudioVersion = 15.0.28307.1022
MinimumVisualStudioVersion = 10.0.40219.1
Project("{FAE04EC0-301F-11D3-BF4B-00C04F79EFBC}") = "JuiceShopMvcPresentationLayer", "JuiceShopMvc\JuiceShopMvcPresentationLayer.csproj", "{6DF65511-2E0B-4271-A263-792639830E0D}"
EndProject
Project("{FAE04EC0-301F-11D3-BF4B-00C04F79EFBC}") = "JuiceShopBusinessLayer", "JuiceShopBusinessLayer\JuiceShopBusinessLayer.csproj", "{4A5BDF28-AACD-4F0E-8E5F-59B20A3773F0}"
EndProject
Project("{FAE04EC0-301F-11D3-BF4B-00C04F79EFBC}") = "JuiceShopDataAccessLayer", "JuiceShopDataAccessLayer\JuiceShopDataAccessLayer.csproj", "{7A8760D5-0C60-4434-B550-CBCD93D1772C}"
EndProject
Project("{FAE04EC0-301F-11D3-BF4B-00C04F79EFBC}") = "JuiceShopEntities", "JuiceShopEntities\JuiceShopEntities.csproj", "{301EB842-5E94-4B7F-B7CB-A4EB92688A22}"
EndProject
Project("{FAE04EC0-301F-11D3-BF4B-00C04F79EFBC}") = "Exceptions", "Exceptions\Exceptions.csproj", "{FAC1D29E-32B7-4D7A-884F-0D814563C215}"
EndProject
Global
	GlobalSection(SolutionConfigurationPlatforms) = preSolution
		Debug|Any CPU = Debug|Any CPU
		Release|Any CPU = Release|Any CPU
	EndGlobalSection
	GlobalSection(ProjectConfigurationPlatforms) = postSolution
		{6DF65511-2E0B-4271-A263-792639830E0D}.Debug|Any CPU.ActiveCfg = Debug|Any CPU
		{6DF65511-2E0B-4271-A263-792639830E0D}.Debug|Any CPU.Build.0 = Debug|Any CPU
		{6DF65511-2E0B-4271-A263-792639830E0D}.Release|Any CPU.ActiveCfg = Release|Any CPU
		{6DF65511-2E0B-4271-A263-792639830E0D}.Release|Any CPU.Build.0 = Release|Any CPU
		{4A5BDF28-AACD-4F0E-8E5F-59B20A3773F0}.Debug|Any CPU.ActiveCfg = Debug|Any CPU
		{4A5BDF28-AACD-4F0E-8E5F-59B20A3773F0}.Debug|Any CPU.Build.0 = Debug|Any CPU
		{4A5BDF28-AACD-4F0E-8E5F-59B20A3773F0}.Release|Any CPU.ActiveCfg = Release|Any CPU
		{4A5BDF28-AACD-4F0E-8E5F-59B20A3773F0}.Release|Any CPU.Build.0 = Release|Any CPU
		{7A8760D5-0C60-4434-B550-CBCD93D1772C}.Debug|Any CPU.ActiveCfg = Debug|Any CPU
		{7A8760D5-0C60-4434-B550-CBCD93D1772C}.Debug|Any CPU.Build.0 = Debug|Any CPU
		{7A8760D5-0C60-4434-B550-CBCD93D1772C}.Release|Any CPU.ActiveCfg = Release|Any CPU
		{7A8760D5-0C60-4434-B550-CBCD93D1772C}.Release|Any CPU.Build.0 = Release|Any CPU
		{301EB842-5E94-4B7F-B7CB-A4EB92688A22}.Debug|Any CPU.ActiveCfg = Debug|Any CPU
		{301EB842-5E94-4B7F-B7CB-A4EB92688A22}.Debug|Any CPU.Build.0 = Debug|Any CPU
		{301EB842-5E94-4B7F-B7CB-A4EB92688A22}.Release|Any CPU.ActiveCfg = Release|Any CPU
		{301EB842-5E94-4B7F-B7CB-A4EB92688A22}.Release|Any CPU.Build.0 = Release|Any CPU
		{FAC1D29E-32B7-4D7A-884F-0D814563C215}.Debug|Any CPU.ActiveCfg = Debug|Any CPU
		{FAC1D29E-32B7-4D7A-884F-0D814563C215}.Debug|Any CPU.Build.0 = Debug|Any CPU
		{FAC1D29E-32B7-4D7A-884F-0D814563C215}.Release|Any CPU.ActiveCfg = Release|Any CPU
		{FAC1D29E-32B7-4D7A-884F-0D814563C215}.Release|Any CPU.Build.0 = Release|Any CPU
	EndGlobalSection
	GlobalSection(SolutionProperties) = preSolution
		HideSolutionNode = FALSE
	EndGlobalSection
	GlobalSection(ExtensibilityGlobals) = postSolution
		SolutionGuid = {C0FAB7A8-7003-41B8-920A-7FABD7673CAE}
	EndGlobalSection
EndGlobal
