
Microsoft Visual Studio Solution File, Format Version 12.00
# Visual Studio 15
VisualStudioVersion = 15.0.28307.1022
MinimumVisualStudioVersion = 10.0.40219.1
Project("{FAE04EC0-301F-11D3-BF4B-00C04F79EFBC}") = "usingkeyword", "usingkeyword\usingkeyword.csproj", "{69D152BF-5EFA-4E44-8873-387DBF3EBEB0}"
EndProject
Global
	GlobalSection(SolutionConfigurationPlatforms) = preSolution
		Debug|Any CPU = Debug|Any CPU
		Release|Any CPU = Release|Any CPU
	EndGlobalSection
	GlobalSection(ProjectConfigurationPlatforms) = postSolution
		{69D152BF-5EFA-4E44-8873-387DBF3EBEB0}.Debug|Any CPU.ActiveCfg = Debug|Any CPU
		{69D152BF-5EFA-4E44-8873-387DBF3EBEB0}.Debug|Any CPU.Build.0 = Debug|Any CPU
		{69D152BF-5EFA-4E44-8873-387DBF3EBEB0}.Release|Any CPU.ActiveCfg = Release|Any CPU
		{69D152BF-5EFA-4E44-8873-387DBF3EBEB0}.Release|Any CPU.Build.0 = Release|Any CPU
	EndGlobalSection
	GlobalSection(SolutionProperties) = preSolution
		HideSolutionNode = FALSE
	EndGlobalSection
	GlobalSection(ExtensibilityGlobals) = postSolution
		SolutionGuid = {22CC7410-0316-4FF4-87CB-648A069E04CB}
	EndGlobalSection
EndGlobal
