
Microsoft Visual Studio Solution File, Format Version 12.00
# Visual Studio 15
VisualStudioVersion = 15.0.28307.1022
MinimumVisualStudioVersion = 10.0.40219.1
Project("{FAE04EC0-301F-11D3-BF4B-00C04F79EFBC}") = "DBFirstDemo", "DBFirstDemo\DBFirstDemo.csproj", "{D2886611-EAF9-4019-BF55-DCABDB3C8A45}"
EndProject
Global
	GlobalSection(SolutionConfigurationPlatforms) = preSolution
		Debug|Any CPU = Debug|Any CPU
		Release|Any CPU = Release|Any CPU
	EndGlobalSection
	GlobalSection(ProjectConfigurationPlatforms) = postSolution
		{D2886611-EAF9-4019-BF55-DCABDB3C8A45}.Debug|Any CPU.ActiveCfg = Debug|Any CPU
		{D2886611-EAF9-4019-BF55-DCABDB3C8A45}.Debug|Any CPU.Build.0 = Debug|Any CPU
		{D2886611-EAF9-4019-BF55-DCABDB3C8A45}.Release|Any CPU.ActiveCfg = Release|Any CPU
		{D2886611-EAF9-4019-BF55-DCABDB3C8A45}.Release|Any CPU.Build.0 = Release|Any CPU
	EndGlobalSection
	GlobalSection(SolutionProperties) = preSolution
		HideSolutionNode = FALSE
	EndGlobalSection
	GlobalSection(ExtensibilityGlobals) = postSolution
		SolutionGuid = {AB9BE201-7AAD-477A-B448-39BC5176B889}
	EndGlobalSection
EndGlobal
