
Microsoft Visual Studio Solution File, Format Version 12.00
# Visual Studio 15
VisualStudioVersion = 15.0.28307.1022
MinimumVisualStudioVersion = 10.0.40219.1
Project("{FAE04EC0-301F-11D3-BF4B-00C04F79EFBC}") = "JuiceShopDataAccessLayer", "JuiceShopDataAccessLayer\JuiceShopDataAccessLayer.csproj", "{636C39BB-F804-4959-BF76-4C93B8369B1B}"
EndProject
Project("{FAE04EC0-301F-11D3-BF4B-00C04F79EFBC}") = "JuiceShopExceptions", "JuiceShopExceptions\JuiceShopExceptions.csproj", "{03A05D27-2289-4AEE-94FB-BFCB3430FF94}"
EndProject
Project("{FAE04EC0-301F-11D3-BF4B-00C04F79EFBC}") = "JuiceShopEntities", "JuiceShopEntities\JuiceShopEntities.csproj", "{DD99E753-4E17-42F0-A90F-57B55D91BEC2}"
EndProject
Project("{FAE04EC0-301F-11D3-BF4B-00C04F79EFBC}") = "JuiceShopBusinessLayer", "JuiceShopBusinessLayer\JuiceShopBusinessLayer.csproj", "{2DFCA524-EB02-4035-A6C0-B77969A00312}"
EndProject
Project("{FAE04EC0-301F-11D3-BF4B-00C04F79EFBC}") = "JuiceShopPresentationLayer", "..\MVCJuice\MVCJuice\JuiceShopPresentationLayer.csproj", "{26ECDD17-842F-4AA2-AEFF-37F3F28F54D0}"
EndProject
Global
	GlobalSection(SolutionConfigurationPlatforms) = preSolution
		Debug|Any CPU = Debug|Any CPU
		Release|Any CPU = Release|Any CPU
	EndGlobalSection
	GlobalSection(ProjectConfigurationPlatforms) = postSolution
		{636C39BB-F804-4959-BF76-4C93B8369B1B}.Debug|Any CPU.ActiveCfg = Debug|Any CPU
		{636C39BB-F804-4959-BF76-4C93B8369B1B}.Debug|Any CPU.Build.0 = Debug|Any CPU
		{636C39BB-F804-4959-BF76-4C93B8369B1B}.Release|Any CPU.ActiveCfg = Release|Any CPU
		{636C39BB-F804-4959-BF76-4C93B8369B1B}.Release|Any CPU.Build.0 = Release|Any CPU
		{03A05D27-2289-4AEE-94FB-BFCB3430FF94}.Debug|Any CPU.ActiveCfg = Debug|Any CPU
		{03A05D27-2289-4AEE-94FB-BFCB3430FF94}.Debug|Any CPU.Build.0 = Debug|Any CPU
		{03A05D27-2289-4AEE-94FB-BFCB3430FF94}.Release|Any CPU.ActiveCfg = Release|Any CPU
		{03A05D27-2289-4AEE-94FB-BFCB3430FF94}.Release|Any CPU.Build.0 = Release|Any CPU
		{DD99E753-4E17-42F0-A90F-57B55D91BEC2}.Debug|Any CPU.ActiveCfg = Debug|Any CPU
		{DD99E753-4E17-42F0-A90F-57B55D91BEC2}.Debug|Any CPU.Build.0 = Debug|Any CPU
		{DD99E753-4E17-42F0-A90F-57B55D91BEC2}.Release|Any CPU.ActiveCfg = Release|Any CPU
		{DD99E753-4E17-42F0-A90F-57B55D91BEC2}.Release|Any CPU.Build.0 = Release|Any CPU
		{2DFCA524-EB02-4035-A6C0-B77969A00312}.Debug|Any CPU.ActiveCfg = Debug|Any CPU
		{2DFCA524-EB02-4035-A6C0-B77969A00312}.Debug|Any CPU.Build.0 = Debug|Any CPU
		{2DFCA524-EB02-4035-A6C0-B77969A00312}.Release|Any CPU.ActiveCfg = Release|Any CPU
		{2DFCA524-EB02-4035-A6C0-B77969A00312}.Release|Any CPU.Build.0 = Release|Any CPU
		{26ECDD17-842F-4AA2-AEFF-37F3F28F54D0}.Debug|Any CPU.ActiveCfg = Debug|Any CPU
		{26ECDD17-842F-4AA2-AEFF-37F3F28F54D0}.Debug|Any CPU.Build.0 = Debug|Any CPU
		{26ECDD17-842F-4AA2-AEFF-37F3F28F54D0}.Release|Any CPU.ActiveCfg = Release|Any CPU
		{26ECDD17-842F-4AA2-AEFF-37F3F28F54D0}.Release|Any CPU.Build.0 = Release|Any CPU
	EndGlobalSection
	GlobalSection(SolutionProperties) = preSolution
		HideSolutionNode = FALSE
	EndGlobalSection
	GlobalSection(ExtensibilityGlobals) = postSolution
		SolutionGuid = {4CD54C0C-2D1B-4D01-AA0A-15173FB7B88E}
	EndGlobalSection
EndGlobal
