
Microsoft Visual Studio Solution File, Format Version 12.00
# Visual Studio 15
VisualStudioVersion = 15.0.28307.1022
MinimumVisualStudioVersion = 10.0.40219.1
Project("{FAE04EC0-301F-11D3-BF4B-00C04F79EFBC}") = "KalingaApplicationMVC", "KalingaApplicationMVC\KalingaApplicationMVC.csproj", "{A258A795-2A2B-42DC-B061-B8F1F6AA3D2B}"
EndProject
Project("{FAE04EC0-301F-11D3-BF4B-00C04F79EFBC}") = "KalingaBusinessLayer", "KalingaBusinessLayer\KalingaBusinessLayer.csproj", "{8649C2C7-E673-4521-8D13-B6559F40C3E7}"
EndProject
Project("{FAE04EC0-301F-11D3-BF4B-00C04F79EFBC}") = "KalingaDataBaseLayer", "KalingaDatabaseLayer\KalingaDataBaseLayer.csproj", "{36BA8CE2-06E3-4BE1-828A-EDDAE09ABC4C}"
EndProject
Project("{FAE04EC0-301F-11D3-BF4B-00C04F79EFBC}") = "Entities", "Entities\Entities.csproj", "{60435EA8-11DE-4EEB-981C-3CA6D2A87E3C}"
EndProject
Project("{FAE04EC0-301F-11D3-BF4B-00C04F79EFBC}") = "Exceptions", "Exceptions\Exceptions.csproj", "{B3B9F46D-DE9D-4D38-95C3-C1558CE3C557}"
EndProject
Global
	GlobalSection(SolutionConfigurationPlatforms) = preSolution
		Debug|Any CPU = Debug|Any CPU
		Release|Any CPU = Release|Any CPU
	EndGlobalSection
	GlobalSection(ProjectConfigurationPlatforms) = postSolution
		{A258A795-2A2B-42DC-B061-B8F1F6AA3D2B}.Debug|Any CPU.ActiveCfg = Debug|Any CPU
		{A258A795-2A2B-42DC-B061-B8F1F6AA3D2B}.Debug|Any CPU.Build.0 = Debug|Any CPU
		{A258A795-2A2B-42DC-B061-B8F1F6AA3D2B}.Release|Any CPU.ActiveCfg = Release|Any CPU
		{A258A795-2A2B-42DC-B061-B8F1F6AA3D2B}.Release|Any CPU.Build.0 = Release|Any CPU
		{8649C2C7-E673-4521-8D13-B6559F40C3E7}.Debug|Any CPU.ActiveCfg = Debug|Any CPU
		{8649C2C7-E673-4521-8D13-B6559F40C3E7}.Debug|Any CPU.Build.0 = Debug|Any CPU
		{8649C2C7-E673-4521-8D13-B6559F40C3E7}.Release|Any CPU.ActiveCfg = Release|Any CPU
		{8649C2C7-E673-4521-8D13-B6559F40C3E7}.Release|Any CPU.Build.0 = Release|Any CPU
		{36BA8CE2-06E3-4BE1-828A-EDDAE09ABC4C}.Debug|Any CPU.ActiveCfg = Debug|Any CPU
		{36BA8CE2-06E3-4BE1-828A-EDDAE09ABC4C}.Debug|Any CPU.Build.0 = Debug|Any CPU
		{36BA8CE2-06E3-4BE1-828A-EDDAE09ABC4C}.Release|Any CPU.ActiveCfg = Release|Any CPU
		{36BA8CE2-06E3-4BE1-828A-EDDAE09ABC4C}.Release|Any CPU.Build.0 = Release|Any CPU
		{60435EA8-11DE-4EEB-981C-3CA6D2A87E3C}.Debug|Any CPU.ActiveCfg = Debug|Any CPU
		{60435EA8-11DE-4EEB-981C-3CA6D2A87E3C}.Debug|Any CPU.Build.0 = Debug|Any CPU
		{60435EA8-11DE-4EEB-981C-3CA6D2A87E3C}.Release|Any CPU.ActiveCfg = Release|Any CPU
		{60435EA8-11DE-4EEB-981C-3CA6D2A87E3C}.Release|Any CPU.Build.0 = Release|Any CPU
		{B3B9F46D-DE9D-4D38-95C3-C1558CE3C557}.Debug|Any CPU.ActiveCfg = Debug|Any CPU
		{B3B9F46D-DE9D-4D38-95C3-C1558CE3C557}.Debug|Any CPU.Build.0 = Debug|Any CPU
		{B3B9F46D-DE9D-4D38-95C3-C1558CE3C557}.Release|Any CPU.ActiveCfg = Release|Any CPU
		{B3B9F46D-DE9D-4D38-95C3-C1558CE3C557}.Release|Any CPU.Build.0 = Release|Any CPU
	EndGlobalSection
	GlobalSection(SolutionProperties) = preSolution
		HideSolutionNode = FALSE
	EndGlobalSection
	GlobalSection(ExtensibilityGlobals) = postSolution
		SolutionGuid = {4C7AD07F-1DCE-419A-9966-3F210DACECBB}
	EndGlobalSection
EndGlobal
