
Microsoft Visual Studio Solution File, Format Version 12.00
# Visual Studio 15
VisualStudioVersion = 15.0.28307.1022
MinimumVisualStudioVersion = 10.0.40219.1
Project("{FAE04EC0-301F-11D3-BF4B-00C04F79EFBC}") = "stackalloc", "StackAlloc\stackalloc.csproj", "{BE2F0937-C29D-4426-AB94-78A4F1FD61FA}"
EndProject
Project("{FAE04EC0-301F-11D3-BF4B-00C04F79EFBC}") = "Out_", "Out_\Out_.csproj", "{17DF37B0-8C7C-4B26-9367-485898B0064C}"
EndProject
Project("{FAE04EC0-301F-11D3-BF4B-00C04F79EFBC}") = "Ref_With_Pattern", "Ref\Ref_With_Pattern.csproj", "{B68ABC91-8897-49D4-B912-BCC38949BA94}"
EndProject
Global
	GlobalSection(SolutionConfigurationPlatforms) = preSolution
		Debug|Any CPU = Debug|Any CPU
		Release|Any CPU = Release|Any CPU
	EndGlobalSection
	GlobalSection(ProjectConfigurationPlatforms) = postSolution
		{BE2F0937-C29D-4426-AB94-78A4F1FD61FA}.Debug|Any CPU.ActiveCfg = Debug|Any CPU
		{BE2F0937-C29D-4426-AB94-78A4F1FD61FA}.Debug|Any CPU.Build.0 = Debug|Any CPU
		{BE2F0937-C29D-4426-AB94-78A4F1FD61FA}.Release|Any CPU.ActiveCfg = Release|Any CPU
		{BE2F0937-C29D-4426-AB94-78A4F1FD61FA}.Release|Any CPU.Build.0 = Release|Any CPU
		{17DF37B0-8C7C-4B26-9367-485898B0064C}.Debug|Any CPU.ActiveCfg = Debug|Any CPU
		{17DF37B0-8C7C-4B26-9367-485898B0064C}.Debug|Any CPU.Build.0 = Debug|Any CPU
		{17DF37B0-8C7C-4B26-9367-485898B0064C}.Release|Any CPU.ActiveCfg = Release|Any CPU
		{17DF37B0-8C7C-4B26-9367-485898B0064C}.Release|Any CPU.Build.0 = Release|Any CPU
		{B68ABC91-8897-49D4-B912-BCC38949BA94}.Debug|Any CPU.ActiveCfg = Debug|Any CPU
		{B68ABC91-8897-49D4-B912-BCC38949BA94}.Debug|Any CPU.Build.0 = Debug|Any CPU
		{B68ABC91-8897-49D4-B912-BCC38949BA94}.Release|Any CPU.ActiveCfg = Release|Any CPU
		{B68ABC91-8897-49D4-B912-BCC38949BA94}.Release|Any CPU.Build.0 = Release|Any CPU
	EndGlobalSection
	GlobalSection(SolutionProperties) = preSolution
		HideSolutionNode = FALSE
	EndGlobalSection
	GlobalSection(ExtensibilityGlobals) = postSolution
		SolutionGuid = {4BF6AF15-E3EF-49D5-9131-A4501ADBCFAD}
	EndGlobalSection
EndGlobal
