
Microsoft Visual Studio Solution File, Format Version 12.00
# Visual Studio 15
VisualStudioVersion = 15.0.28307.1022
MinimumVisualStudioVersion = 10.0.40219.1
Project("{FAE04EC0-301F-11D3-BF4B-00C04F79EFBC}") = "Assignment1", "Assignment1\Assignment1.csproj", "{ED20C6D1-68E4-445D-8B0A-A03AD25B4F98}"
EndProject
Global
	GlobalSection(SolutionConfigurationPlatforms) = preSolution
		Debug|Any CPU = Debug|Any CPU
		Release|Any CPU = Release|Any CPU
	EndGlobalSection
	GlobalSection(ProjectConfigurationPlatforms) = postSolution
		{ED20C6D1-68E4-445D-8B0A-A03AD25B4F98}.Debug|Any CPU.ActiveCfg = Debug|Any CPU
		{ED20C6D1-68E4-445D-8B0A-A03AD25B4F98}.Debug|Any CPU.Build.0 = Debug|Any CPU
		{ED20C6D1-68E4-445D-8B0A-A03AD25B4F98}.Release|Any CPU.ActiveCfg = Release|Any CPU
		{ED20C6D1-68E4-445D-8B0A-A03AD25B4F98}.Release|Any CPU.Build.0 = Release|Any CPU
	EndGlobalSection
	GlobalSection(SolutionProperties) = preSolution
		HideSolutionNode = FALSE
	EndGlobalSection
	GlobalSection(ExtensibilityGlobals) = postSolution
		SolutionGuid = {4CA456B1-D3D0-4F18-89DE-1566E0C1D9D9}
	EndGlobalSection
EndGlobal
