
Microsoft Visual Studio Solution File, Format Version 12.00
# Visual Studio 15
VisualStudioVersion = 15.0.28307.1022
MinimumVisualStudioVersion = 10.0.40219.1
Project("{FAE04EC0-301F-11D3-BF4B-00C04F79EFBC}") = "EmployeeDepartment", "EmployeeDepartment\EmployeeDepartment.csproj", "{12DDCE58-CBD2-49B2-B188-7CA237E12135}"
EndProject
Global
	GlobalSection(SolutionConfigurationPlatforms) = preSolution
		Debug|Any CPU = Debug|Any CPU
		Release|Any CPU = Release|Any CPU
	EndGlobalSection
	GlobalSection(ProjectConfigurationPlatforms) = postSolution
		{12DDCE58-CBD2-49B2-B188-7CA237E12135}.Debug|Any CPU.ActiveCfg = Debug|Any CPU
		{12DDCE58-CBD2-49B2-B188-7CA237E12135}.Debug|Any CPU.Build.0 = Debug|Any CPU
		{12DDCE58-CBD2-49B2-B188-7CA237E12135}.Release|Any CPU.ActiveCfg = Release|Any CPU
		{12DDCE58-CBD2-49B2-B188-7CA237E12135}.Release|Any CPU.Build.0 = Release|Any CPU
	EndGlobalSection
	GlobalSection(SolutionProperties) = preSolution
		HideSolutionNode = FALSE
	EndGlobalSection
	GlobalSection(ExtensibilityGlobals) = postSolution
		SolutionGuid = {FA990B33-BE64-4B41-91EA-05B8B4EC9B05}
	EndGlobalSection
EndGlobal
