
Microsoft Visual Studio Solution File, Format Version 12.00
# Visual Studio 15
VisualStudioVersion = 15.0.28307.1022
MinimumVisualStudioVersion = 10.0.40219.1
Project("{FAE04EC0-301F-11D3-BF4B-00C04F79EFBC}") = "PresentationLayer", "PresentationLayer\PresentationLayer.csproj", "{781BDCDA-A554-4632-8F46-1A4CF0C6324B}"
EndProject
Project("{FAE04EC0-301F-11D3-BF4B-00C04F79EFBC}") = "Patient_Entity", "EntityLayer\Patient_Entity.csproj", "{C8B5198F-C29C-41E4-800A-50FDE8A32D3B}"
EndProject
Project("{FAE04EC0-301F-11D3-BF4B-00C04F79EFBC}") = "Doctor_Entity", "Doctor_Entity\Doctor_Entity.csproj", "{13D1EAB4-8E16-4C67-9259-6615DC9B2552}"
EndProject
Project("{FAE04EC0-301F-11D3-BF4B-00C04F79EFBC}") = "DP_BusinessLayer", "DP_BusinessLayer\DP_BusinessLayer.csproj", "{2CFC9CC2-0383-4606-9FB3-30BA6BA8793D}"
EndProject
Project("{FAE04EC0-301F-11D3-BF4B-00C04F79EFBC}") = "DP_DataAccessLayer", "DP_DataAccessLayer\DP_DataAccessLayer.csproj", "{043FC173-B3A4-4143-AD1F-63767521A306}"
EndProject
Project("{FAE04EC0-301F-11D3-BF4B-00C04F79EFBC}") = "DP_Exception", "DP_Exception\DP_Exception.csproj", "{BE475AA9-8255-4329-BA1C-6D242D5B7E43}"
EndProject
Global
	GlobalSection(SolutionConfigurationPlatforms) = preSolution
		Debug|Any CPU = Debug|Any CPU
		Release|Any CPU = Release|Any CPU
	EndGlobalSection
	GlobalSection(ProjectConfigurationPlatforms) = postSolution
		{781BDCDA-A554-4632-8F46-1A4CF0C6324B}.Debug|Any CPU.ActiveCfg = Debug|Any CPU
		{781BDCDA-A554-4632-8F46-1A4CF0C6324B}.Debug|Any CPU.Build.0 = Debug|Any CPU
		{781BDCDA-A554-4632-8F46-1A4CF0C6324B}.Release|Any CPU.ActiveCfg = Release|Any CPU
		{781BDCDA-A554-4632-8F46-1A4CF0C6324B}.Release|Any CPU.Build.0 = Release|Any CPU
		{C8B5198F-C29C-41E4-800A-50FDE8A32D3B}.Debug|Any CPU.ActiveCfg = Debug|Any CPU
		{C8B5198F-C29C-41E4-800A-50FDE8A32D3B}.Debug|Any CPU.Build.0 = Debug|Any CPU
		{C8B5198F-C29C-41E4-800A-50FDE8A32D3B}.Release|Any CPU.ActiveCfg = Release|Any CPU
		{C8B5198F-C29C-41E4-800A-50FDE8A32D3B}.Release|Any CPU.Build.0 = Release|Any CPU
		{13D1EAB4-8E16-4C67-9259-6615DC9B2552}.Debug|Any CPU.ActiveCfg = Debug|Any CPU
		{13D1EAB4-8E16-4C67-9259-6615DC9B2552}.Debug|Any CPU.Build.0 = Debug|Any CPU
		{13D1EAB4-8E16-4C67-9259-6615DC9B2552}.Release|Any CPU.ActiveCfg = Release|Any CPU
		{13D1EAB4-8E16-4C67-9259-6615DC9B2552}.Release|Any CPU.Build.0 = Release|Any CPU
		{2CFC9CC2-0383-4606-9FB3-30BA6BA8793D}.Debug|Any CPU.ActiveCfg = Debug|Any CPU
		{2CFC9CC2-0383-4606-9FB3-30BA6BA8793D}.Debug|Any CPU.Build.0 = Debug|Any CPU
		{2CFC9CC2-0383-4606-9FB3-30BA6BA8793D}.Release|Any CPU.ActiveCfg = Release|Any CPU
		{2CFC9CC2-0383-4606-9FB3-30BA6BA8793D}.Release|Any CPU.Build.0 = Release|Any CPU
		{043FC173-B3A4-4143-AD1F-63767521A306}.Debug|Any CPU.ActiveCfg = Debug|Any CPU
		{043FC173-B3A4-4143-AD1F-63767521A306}.Debug|Any CPU.Build.0 = Debug|Any CPU
		{043FC173-B3A4-4143-AD1F-63767521A306}.Release|Any CPU.ActiveCfg = Release|Any CPU
		{043FC173-B3A4-4143-AD1F-63767521A306}.Release|Any CPU.Build.0 = Release|Any CPU
		{BE475AA9-8255-4329-BA1C-6D242D5B7E43}.Debug|Any CPU.ActiveCfg = Debug|Any CPU
		{BE475AA9-8255-4329-BA1C-6D242D5B7E43}.Debug|Any CPU.Build.0 = Debug|Any CPU
		{BE475AA9-8255-4329-BA1C-6D242D5B7E43}.Release|Any CPU.ActiveCfg = Release|Any CPU
		{BE475AA9-8255-4329-BA1C-6D242D5B7E43}.Release|Any CPU.Build.0 = Release|Any CPU
	EndGlobalSection
	GlobalSection(SolutionProperties) = preSolution
		HideSolutionNode = FALSE
	EndGlobalSection
	GlobalSection(ExtensibilityGlobals) = postSolution
		SolutionGuid = {5EC0128F-A5BA-4259-80C4-7E91E19D515E}
	EndGlobalSection
EndGlobal
