
Microsoft Visual Studio Solution File, Format Version 12.00
# Visual Studio 15
VisualStudioVersion = 15.0.28307.1022
MinimumVisualStudioVersion = 10.0.40219.1
Project("{FAE04EC0-301F-11D3-BF4B-00C04F79EFBC}") = "PresentationLayer", "PresentationLayer\PresentationLayer.csproj", "{26FDB37B-3E4C-421A-8C07-9054485B2C58}"
EndProject
Project("{FAE04EC0-301F-11D3-BF4B-00C04F79EFBC}") = "Business", "Business\Business.csproj", "{EC0F8590-FC32-4BAC-AB3C-F12222058F2A}"
EndProject
Project("{FAE04EC0-301F-11D3-BF4B-00C04F79EFBC}") = "DataAccess", "DataAccess\DataAccess.csproj", "{4D3639E5-E68B-4E89-9DE4-B631D5C0B196}"
EndProject
Project("{FAE04EC0-301F-11D3-BF4B-00C04F79EFBC}") = "Entity", "Entity\Entity.csproj", "{ADB7F207-FFAB-4733-BA55-E85EB9EBE9DE}"
EndProject
Project("{FAE04EC0-301F-11D3-BF4B-00C04F79EFBC}") = "ExceptionLayer", "Exception\ExceptionLayer.csproj", "{6E7BE5E2-53BD-483E-B1F9-51D36E8C78EA}"
EndProject
Global
	GlobalSection(SolutionConfigurationPlatforms) = preSolution
		Debug|Any CPU = Debug|Any CPU
		Release|Any CPU = Release|Any CPU
	EndGlobalSection
	GlobalSection(ProjectConfigurationPlatforms) = postSolution
		{26FDB37B-3E4C-421A-8C07-9054485B2C58}.Debug|Any CPU.ActiveCfg = Debug|Any CPU
		{26FDB37B-3E4C-421A-8C07-9054485B2C58}.Debug|Any CPU.Build.0 = Debug|Any CPU
		{26FDB37B-3E4C-421A-8C07-9054485B2C58}.Release|Any CPU.ActiveCfg = Release|Any CPU
		{26FDB37B-3E4C-421A-8C07-9054485B2C58}.Release|Any CPU.Build.0 = Release|Any CPU
		{EC0F8590-FC32-4BAC-AB3C-F12222058F2A}.Debug|Any CPU.ActiveCfg = Debug|Any CPU
		{EC0F8590-FC32-4BAC-AB3C-F12222058F2A}.Debug|Any CPU.Build.0 = Debug|Any CPU
		{EC0F8590-FC32-4BAC-AB3C-F12222058F2A}.Release|Any CPU.ActiveCfg = Release|Any CPU
		{EC0F8590-FC32-4BAC-AB3C-F12222058F2A}.Release|Any CPU.Build.0 = Release|Any CPU
		{4D3639E5-E68B-4E89-9DE4-B631D5C0B196}.Debug|Any CPU.ActiveCfg = Debug|Any CPU
		{4D3639E5-E68B-4E89-9DE4-B631D5C0B196}.Debug|Any CPU.Build.0 = Debug|Any CPU
		{4D3639E5-E68B-4E89-9DE4-B631D5C0B196}.Release|Any CPU.ActiveCfg = Release|Any CPU
		{4D3639E5-E68B-4E89-9DE4-B631D5C0B196}.Release|Any CPU.Build.0 = Release|Any CPU
		{ADB7F207-FFAB-4733-BA55-E85EB9EBE9DE}.Debug|Any CPU.ActiveCfg = Debug|Any CPU
		{ADB7F207-FFAB-4733-BA55-E85EB9EBE9DE}.Debug|Any CPU.Build.0 = Debug|Any CPU
		{ADB7F207-FFAB-4733-BA55-E85EB9EBE9DE}.Release|Any CPU.ActiveCfg = Release|Any CPU
		{ADB7F207-FFAB-4733-BA55-E85EB9EBE9DE}.Release|Any CPU.Build.0 = Release|Any CPU
		{6E7BE5E2-53BD-483E-B1F9-51D36E8C78EA}.Debug|Any CPU.ActiveCfg = Debug|Any CPU
		{6E7BE5E2-53BD-483E-B1F9-51D36E8C78EA}.Debug|Any CPU.Build.0 = Debug|Any CPU
		{6E7BE5E2-53BD-483E-B1F9-51D36E8C78EA}.Release|Any CPU.ActiveCfg = Release|Any CPU
		{6E7BE5E2-53BD-483E-B1F9-51D36E8C78EA}.Release|Any CPU.Build.0 = Release|Any CPU
	EndGlobalSection
	GlobalSection(SolutionProperties) = preSolution
		HideSolutionNode = FALSE
	EndGlobalSection
	GlobalSection(ExtensibilityGlobals) = postSolution
		SolutionGuid = {D7728EF1-657F-4A2D-AA64-9DCA01F12FBC}
	EndGlobalSection
EndGlobal
