
Microsoft Visual Studio Solution File, Format Version 12.00
# Visual Studio 15
VisualStudioVersion = 15.0.28307.1022
MinimumVisualStudioVersion = 10.0.40219.1
Project("{FAE04EC0-301F-11D3-BF4B-00C04F79EFBC}") = "ExampleManagement", "ExampleManagement\ExampleManagement.csproj", "{108BD4BF-82AA-41EA-BC77-B9EE9F966D7A}"
EndProject
Project("{FAE04EC0-301F-11D3-BF4B-00C04F79EFBC}") = "WebApplication1", "WebApplication1\WebApplication1.csproj", "{0C58F59F-E91B-4AF7-882A-D474B057E328}"
EndProject
Global
	GlobalSection(SolutionConfigurationPlatforms) = preSolution
		Debug|Any CPU = Debug|Any CPU
		Release|Any CPU = Release|Any CPU
	EndGlobalSection
	GlobalSection(ProjectConfigurationPlatforms) = postSolution
		{108BD4BF-82AA-41EA-BC77-B9EE9F966D7A}.Debug|Any CPU.ActiveCfg = Debug|Any CPU
		{108BD4BF-82AA-41EA-BC77-B9EE9F966D7A}.Debug|Any CPU.Build.0 = Debug|Any CPU
		{108BD4BF-82AA-41EA-BC77-B9EE9F966D7A}.Release|Any CPU.ActiveCfg = Release|Any CPU
		{108BD4BF-82AA-41EA-BC77-B9EE9F966D7A}.Release|Any CPU.Build.0 = Release|Any CPU
		{0C58F59F-E91B-4AF7-882A-D474B057E328}.Debug|Any CPU.ActiveCfg = Debug|Any CPU
		{0C58F59F-E91B-4AF7-882A-D474B057E328}.Debug|Any CPU.Build.0 = Debug|Any CPU
		{0C58F59F-E91B-4AF7-882A-D474B057E328}.Release|Any CPU.ActiveCfg = Release|Any CPU
		{0C58F59F-E91B-4AF7-882A-D474B057E328}.Release|Any CPU.Build.0 = Release|Any CPU
	EndGlobalSection
	GlobalSection(SolutionProperties) = preSolution
		HideSolutionNode = FALSE
	EndGlobalSection
	GlobalSection(ExtensibilityGlobals) = postSolution
		SolutionGuid = {9A03895E-581A-4917-AF90-0B98B3FB13E2}
	EndGlobalSection
EndGlobal
