
Microsoft Visual Studio Solution File, Format Version 12.00
# Visual Studio 15
VisualStudioVersion = 15.0.28307.1022
MinimumVisualStudioVersion = 10.0.40219.1
Project("{FAE04EC0-301F-11D3-BF4B-00C04F79EFBC}") = "BookApplicationPresentationLayer", "BookApplicationPresentationLayer\BookApplicationPresentationLayer.csproj", "{6A35B902-D3BA-4982-907C-CC06B079D66F}"
EndProject
Project("{FAE04EC0-301F-11D3-BF4B-00C04F79EFBC}") = "BookStoreBusinessLayer", "BookStoreBusinessLayer\BookStoreBusinessLayer.csproj", "{BC438AF0-64E3-4BB7-8578-83D15A033A94}"
EndProject
Project("{FAE04EC0-301F-11D3-BF4B-00C04F79EFBC}") = "Entities", "Entities\Entities.csproj", "{A7C44ACA-C71C-4F9B-B193-37EBB4AD3BAD}"
EndProject
Project("{FAE04EC0-301F-11D3-BF4B-00C04F79EFBC}") = "Exceptions", "Exceptions\Exceptions.csproj", "{27185BC9-E624-43E6-AFC8-B3EFC7894622}"
EndProject
Project("{FAE04EC0-301F-11D3-BF4B-00C04F79EFBC}") = "BookStoreDataAccessLayer", "BookStoreDataAccessLayer\BookStoreDataAccessLayer.csproj", "{87262ADC-C99B-4519-878A-CD2F01483D46}"
EndProject
Global
	GlobalSection(SolutionConfigurationPlatforms) = preSolution
		Debug|Any CPU = Debug|Any CPU
		Release|Any CPU = Release|Any CPU
	EndGlobalSection
	GlobalSection(ProjectConfigurationPlatforms) = postSolution
		{6A35B902-D3BA-4982-907C-CC06B079D66F}.Debug|Any CPU.ActiveCfg = Debug|Any CPU
		{6A35B902-D3BA-4982-907C-CC06B079D66F}.Debug|Any CPU.Build.0 = Debug|Any CPU
		{6A35B902-D3BA-4982-907C-CC06B079D66F}.Release|Any CPU.ActiveCfg = Release|Any CPU
		{6A35B902-D3BA-4982-907C-CC06B079D66F}.Release|Any CPU.Build.0 = Release|Any CPU
		{BC438AF0-64E3-4BB7-8578-83D15A033A94}.Debug|Any CPU.ActiveCfg = Debug|Any CPU
		{BC438AF0-64E3-4BB7-8578-83D15A033A94}.Debug|Any CPU.Build.0 = Debug|Any CPU
		{BC438AF0-64E3-4BB7-8578-83D15A033A94}.Release|Any CPU.ActiveCfg = Release|Any CPU
		{BC438AF0-64E3-4BB7-8578-83D15A033A94}.Release|Any CPU.Build.0 = Release|Any CPU
		{A7C44ACA-C71C-4F9B-B193-37EBB4AD3BAD}.Debug|Any CPU.ActiveCfg = Debug|Any CPU
		{A7C44ACA-C71C-4F9B-B193-37EBB4AD3BAD}.Debug|Any CPU.Build.0 = Debug|Any CPU
		{A7C44ACA-C71C-4F9B-B193-37EBB4AD3BAD}.Release|Any CPU.ActiveCfg = Release|Any CPU
		{A7C44ACA-C71C-4F9B-B193-37EBB4AD3BAD}.Release|Any CPU.Build.0 = Release|Any CPU
		{27185BC9-E624-43E6-AFC8-B3EFC7894622}.Debug|Any CPU.ActiveCfg = Debug|Any CPU
		{27185BC9-E624-43E6-AFC8-B3EFC7894622}.Debug|Any CPU.Build.0 = Debug|Any CPU
		{27185BC9-E624-43E6-AFC8-B3EFC7894622}.Release|Any CPU.ActiveCfg = Release|Any CPU
		{27185BC9-E624-43E6-AFC8-B3EFC7894622}.Release|Any CPU.Build.0 = Release|Any CPU
		{87262ADC-C99B-4519-878A-CD2F01483D46}.Debug|Any CPU.ActiveCfg = Debug|Any CPU
		{87262ADC-C99B-4519-878A-CD2F01483D46}.Debug|Any CPU.Build.0 = Debug|Any CPU
		{87262ADC-C99B-4519-878A-CD2F01483D46}.Release|Any CPU.ActiveCfg = Release|Any CPU
		{87262ADC-C99B-4519-878A-CD2F01483D46}.Release|Any CPU.Build.0 = Release|Any CPU
	EndGlobalSection
	GlobalSection(SolutionProperties) = preSolution
		HideSolutionNode = FALSE
	EndGlobalSection
	GlobalSection(ExtensibilityGlobals) = postSolution
		SolutionGuid = {6A0D913D-1BC1-4299-B3CA-B29E47898929}
	EndGlobalSection
EndGlobal
