
Microsoft Visual Studio Solution File, Format Version 12.00
# Visual Studio 15
VisualStudioVersion = 15.0.28307.1022
MinimumVisualStudioVersion = 10.0.40219.1
Project("{FAE04EC0-301F-11D3-BF4B-00C04F79EFBC}") = "pro_kabbaddi_Presentaton_layer", "pro_kabbaddi_Presentaton_layer\pro_kabbaddi_Presentaton_layer.csproj", "{EFA27E07-5650-4F12-9AD6-53177C2D57A2}"
EndProject
Project("{FAE04EC0-301F-11D3-BF4B-00C04F79EFBC}") = "pro_kabbaddi_business_Layer", "pro_kabbaddi_business_Layer\pro_kabbaddi_business_Layer.csproj", "{8033AF5D-EC89-4DD7-ABE7-E44A28803EFF}"
EndProject
Project("{FAE04EC0-301F-11D3-BF4B-00C04F79EFBC}") = "pro_kabbaddi_dataAccessLayer", "pro_kabbaddi_dataAccessLayer\pro_kabbaddi_dataAccessLayer.csproj", "{F4AA45E7-85BE-4866-9463-6EFCEF6948DD}"
EndProject
Project("{FAE04EC0-301F-11D3-BF4B-00C04F79EFBC}") = "EntityLayer", "EntityLayer\EntityLayer.csproj", "{B0C18E0E-17DB-406D-B34F-40F166989EDA}"
EndProject
Project("{FAE04EC0-301F-11D3-BF4B-00C04F79EFBC}") = "ExceptionLayer", "ExceptionLayer\ExceptionLayer.csproj", "{DA580FB7-A50E-44F9-9061-9F84768CC520}"
EndProject
Global
	GlobalSection(SolutionConfigurationPlatforms) = preSolution
		Debug|Any CPU = Debug|Any CPU
		Release|Any CPU = Release|Any CPU
	EndGlobalSection
	GlobalSection(ProjectConfigurationPlatforms) = postSolution
		{EFA27E07-5650-4F12-9AD6-53177C2D57A2}.Debug|Any CPU.ActiveCfg = Debug|Any CPU
		{EFA27E07-5650-4F12-9AD6-53177C2D57A2}.Debug|Any CPU.Build.0 = Debug|Any CPU
		{EFA27E07-5650-4F12-9AD6-53177C2D57A2}.Release|Any CPU.ActiveCfg = Release|Any CPU
		{EFA27E07-5650-4F12-9AD6-53177C2D57A2}.Release|Any CPU.Build.0 = Release|Any CPU
		{8033AF5D-EC89-4DD7-ABE7-E44A28803EFF}.Debug|Any CPU.ActiveCfg = Debug|Any CPU
		{8033AF5D-EC89-4DD7-ABE7-E44A28803EFF}.Debug|Any CPU.Build.0 = Debug|Any CPU
		{8033AF5D-EC89-4DD7-ABE7-E44A28803EFF}.Release|Any CPU.ActiveCfg = Release|Any CPU
		{8033AF5D-EC89-4DD7-ABE7-E44A28803EFF}.Release|Any CPU.Build.0 = Release|Any CPU
		{F4AA45E7-85BE-4866-9463-6EFCEF6948DD}.Debug|Any CPU.ActiveCfg = Debug|Any CPU
		{F4AA45E7-85BE-4866-9463-6EFCEF6948DD}.Debug|Any CPU.Build.0 = Debug|Any CPU
		{F4AA45E7-85BE-4866-9463-6EFCEF6948DD}.Release|Any CPU.ActiveCfg = Release|Any CPU
		{F4AA45E7-85BE-4866-9463-6EFCEF6948DD}.Release|Any CPU.Build.0 = Release|Any CPU
		{B0C18E0E-17DB-406D-B34F-40F166989EDA}.Debug|Any CPU.ActiveCfg = Debug|Any CPU
		{B0C18E0E-17DB-406D-B34F-40F166989EDA}.Debug|Any CPU.Build.0 = Debug|Any CPU
		{B0C18E0E-17DB-406D-B34F-40F166989EDA}.Release|Any CPU.ActiveCfg = Release|Any CPU
		{B0C18E0E-17DB-406D-B34F-40F166989EDA}.Release|Any CPU.Build.0 = Release|Any CPU
		{DA580FB7-A50E-44F9-9061-9F84768CC520}.Debug|Any CPU.ActiveCfg = Debug|Any CPU
		{DA580FB7-A50E-44F9-9061-9F84768CC520}.Debug|Any CPU.Build.0 = Debug|Any CPU
		{DA580FB7-A50E-44F9-9061-9F84768CC520}.Release|Any CPU.ActiveCfg = Release|Any CPU
		{DA580FB7-A50E-44F9-9061-9F84768CC520}.Release|Any CPU.Build.0 = Release|Any CPU
	EndGlobalSection
	GlobalSection(SolutionProperties) = preSolution
		HideSolutionNode = FALSE
	EndGlobalSection
	GlobalSection(ExtensibilityGlobals) = postSolution
		SolutionGuid = {464AB964-D855-4C8C-AF46-3A1D1B4331D3}
	EndGlobalSection
EndGlobal
