
Microsoft Visual Studio Solution File, Format Version 12.00
# Visual Studio 15
VisualStudioVersion = 15.0.28307.1022
MinimumVisualStudioVersion = 10.0.40219.1
Project("{FAE04EC0-301F-11D3-BF4B-00C04F79EFBC}") = "WebApplication3", "WebApplication3\WebApplication3.csproj", "{4597037E-A2D2-4553-A299-0C98E4A82A62}"
EndProject
Global
	GlobalSection(SolutionConfigurationPlatforms) = preSolution
		Debug|Any CPU = Debug|Any CPU
		Release|Any CPU = Release|Any CPU
	EndGlobalSection
	GlobalSection(ProjectConfigurationPlatforms) = postSolution
		{4597037E-A2D2-4553-A299-0C98E4A82A62}.Debug|Any CPU.ActiveCfg = Debug|Any CPU
		{4597037E-A2D2-4553-A299-0C98E4A82A62}.Debug|Any CPU.Build.0 = Debug|Any CPU
		{4597037E-A2D2-4553-A299-0C98E4A82A62}.Release|Any CPU.ActiveCfg = Release|Any CPU
		{4597037E-A2D2-4553-A299-0C98E4A82A62}.Release|Any CPU.Build.0 = Release|Any CPU
	EndGlobalSection
	GlobalSection(SolutionProperties) = preSolution
		HideSolutionNode = FALSE
	EndGlobalSection
	GlobalSection(ExtensibilityGlobals) = postSolution
		SolutionGuid = {339BAC00-3E2A-4C2D-AC3B-816DE3F0DD51}
	EndGlobalSection
EndGlobal
