
Microsoft Visual Studio Solution File, Format Version 12.00
# Visual Studio 15
VisualStudioVersion = 15.0.28307.1022
MinimumVisualStudioVersion = 10.0.40219.1
Project("{FAE04EC0-301F-11D3-BF4B-00C04F79EFBC}") = "schoolManagement", "schoolManagement\schoolManagement.csproj", "{AD418EA9-13E1-45F6-BCBA-077ABCE25C3D}"
EndProject
Global
	GlobalSection(SolutionConfigurationPlatforms) = preSolution
		Debug|Any CPU = Debug|Any CPU
		Release|Any CPU = Release|Any CPU
	EndGlobalSection
	GlobalSection(ProjectConfigurationPlatforms) = postSolution
		{AD418EA9-13E1-45F6-BCBA-077ABCE25C3D}.Debug|Any CPU.ActiveCfg = Debug|Any CPU
		{AD418EA9-13E1-45F6-BCBA-077ABCE25C3D}.Debug|Any CPU.Build.0 = Debug|Any CPU
		{AD418EA9-13E1-45F6-BCBA-077ABCE25C3D}.Release|Any CPU.ActiveCfg = Release|Any CPU
		{AD418EA9-13E1-45F6-BCBA-077ABCE25C3D}.Release|Any CPU.Build.0 = Release|Any CPU
	EndGlobalSection
	GlobalSection(SolutionProperties) = preSolution
		HideSolutionNode = FALSE
	EndGlobalSection
	GlobalSection(ExtensibilityGlobals) = postSolution
		SolutionGuid = {DBA9C2C0-BCCA-40A1-AB0E-B579CEBBB7DB}
	EndGlobalSection
EndGlobal
