
Microsoft Visual Studio Solution File, Format Version 12.00
# Visual Studio 15
VisualStudioVersion = 15.0.28307.1022
MinimumVisualStudioVersion = 10.0.40219.1
Project("{FAE04EC0-301F-11D3-BF4B-00C04F79EFBC}") = "UserDetailSystem", "UserDetailSystem\UserDetailSystem.csproj", "{FD244018-FE33-4792-A17F-AEE5A6100F85}"
EndProject
Global
	GlobalSection(SolutionConfigurationPlatforms) = preSolution
		Debug|Any CPU = Debug|Any CPU
		Release|Any CPU = Release|Any CPU
	EndGlobalSection
	GlobalSection(ProjectConfigurationPlatforms) = postSolution
		{FD244018-FE33-4792-A17F-AEE5A6100F85}.Debug|Any CPU.ActiveCfg = Debug|Any CPU
		{FD244018-FE33-4792-A17F-AEE5A6100F85}.Debug|Any CPU.Build.0 = Debug|Any CPU
		{FD244018-FE33-4792-A17F-AEE5A6100F85}.Release|Any CPU.ActiveCfg = Release|Any CPU
		{FD244018-FE33-4792-A17F-AEE5A6100F85}.Release|Any CPU.Build.0 = Release|Any CPU
	EndGlobalSection
	GlobalSection(SolutionProperties) = preSolution
		HideSolutionNode = FALSE
	EndGlobalSection
	GlobalSection(ExtensibilityGlobals) = postSolution
		SolutionGuid = {6A30C95D-F198-4AB7-8D9B-BBAAF052A840}
	EndGlobalSection
EndGlobal
