
Microsoft Visual Studio Solution File, Format Version 12.00
# Visual Studio 15
VisualStudioVersion = 15.0.28307.1022
MinimumVisualStudioVersion = 10.0.40219.1
Project("{FAE04EC0-301F-11D3-BF4B-00C04F79EFBC}") = "Stack", "Stack\Stack.csproj", "{963AF4C3-143A-4672-8611-DCBE82AEBDB1}"
EndProject
Project("{FAE04EC0-301F-11D3-BF4B-00C04F79EFBC}") = "QueueProblem", "QueueProblem\QueueProblem.csproj", "{99167E18-1384-48D3-97A2-C999E86C41DC}"
EndProject
Global
	GlobalSection(SolutionConfigurationPlatforms) = preSolution
		Debug|Any CPU = Debug|Any CPU
		Release|Any CPU = Release|Any CPU
	EndGlobalSection
	GlobalSection(ProjectConfigurationPlatforms) = postSolution
		{963AF4C3-143A-4672-8611-DCBE82AEBDB1}.Debug|Any CPU.ActiveCfg = Debug|Any CPU
		{963AF4C3-143A-4672-8611-DCBE82AEBDB1}.Debug|Any CPU.Build.0 = Debug|Any CPU
		{963AF4C3-143A-4672-8611-DCBE82AEBDB1}.Release|Any CPU.ActiveCfg = Release|Any CPU
		{963AF4C3-143A-4672-8611-DCBE82AEBDB1}.Release|Any CPU.Build.0 = Release|Any CPU
		{99167E18-1384-48D3-97A2-C999E86C41DC}.Debug|Any CPU.ActiveCfg = Debug|Any CPU
		{99167E18-1384-48D3-97A2-C999E86C41DC}.Debug|Any CPU.Build.0 = Debug|Any CPU
		{99167E18-1384-48D3-97A2-C999E86C41DC}.Release|Any CPU.ActiveCfg = Release|Any CPU
		{99167E18-1384-48D3-97A2-C999E86C41DC}.Release|Any CPU.Build.0 = Release|Any CPU
	EndGlobalSection
	GlobalSection(SolutionProperties) = preSolution
		HideSolutionNode = FALSE
	EndGlobalSection
	GlobalSection(ExtensibilityGlobals) = postSolution
		SolutionGuid = {F944623D-EFDE-4B29-9293-F79A77CB9D9E}
	EndGlobalSection
EndGlobal
