
Microsoft Visual Studio Solution File, Format Version 12.00
# Visual Studio 15
VisualStudioVersion = 15.0.28307.1022
MinimumVisualStudioVersion = 10.0.40219.1
Project("{FAE04EC0-301F-11D3-BF4B-00C04F79EFBC}") = "cap1", "cap1\cap1.csproj", "{590176E1-9325-47A0-9B06-11A059D7884C}"
EndProject
Project("{FAE04EC0-301F-11D3-BF4B-00C04F79EFBC}") = "Strings", "..\StoryTeller\Strings\Strings.csproj", "{8A0099A0-5358-445C-BAD1-E40BFD733BE9}"
EndProject
Global
	GlobalSection(SolutionConfigurationPlatforms) = preSolution
		Debug|Any CPU = Debug|Any CPU
		Release|Any CPU = Release|Any CPU
	EndGlobalSection
	GlobalSection(ProjectConfigurationPlatforms) = postSolution
		{590176E1-9325-47A0-9B06-11A059D7884C}.Debug|Any CPU.ActiveCfg = Debug|Any CPU
		{590176E1-9325-47A0-9B06-11A059D7884C}.Debug|Any CPU.Build.0 = Debug|Any CPU
		{590176E1-9325-47A0-9B06-11A059D7884C}.Release|Any CPU.ActiveCfg = Release|Any CPU
		{590176E1-9325-47A0-9B06-11A059D7884C}.Release|Any CPU.Build.0 = Release|Any CPU
		{8A0099A0-5358-445C-BAD1-E40BFD733BE9}.Debug|Any CPU.ActiveCfg = Debug|Any CPU
		{8A0099A0-5358-445C-BAD1-E40BFD733BE9}.Debug|Any CPU.Build.0 = Debug|Any CPU
		{8A0099A0-5358-445C-BAD1-E40BFD733BE9}.Release|Any CPU.ActiveCfg = Release|Any CPU
		{8A0099A0-5358-445C-BAD1-E40BFD733BE9}.Release|Any CPU.Build.0 = Release|Any CPU
	EndGlobalSection
	GlobalSection(SolutionProperties) = preSolution
		HideSolutionNode = FALSE
	EndGlobalSection
	GlobalSection(ExtensibilityGlobals) = postSolution
		SolutionGuid = {F376B1B2-6F04-4E8E-AE50-1D1ABDF84825}
	EndGlobalSection
EndGlobal
