
Microsoft Visual Studio Solution File, Format Version 12.00
# Visual Studio 15
VisualStudioVersion = 15.0.28307.1022
MinimumVisualStudioVersion = 10.0.40219.1
Project("{FAE04EC0-301F-11D3-BF4B-00C04F79EFBC}") = "StoryTeller", "StoryTeller\StoryTeller.csproj", "{198BDD94-9191-4D42-8292-E6F7C1375B29}"
EndProject
Project("{FAE04EC0-301F-11D3-BF4B-00C04F79EFBC}") = "dowhileMenuDriven", "..\BasicPrograms\dowhileMenuDriven\dowhileMenuDriven.csproj", "{9DA3D9E2-4210-44FE-B4CC-DAFB93229A68}"
EndProject
Project("{FAE04EC0-301F-11D3-BF4B-00C04F79EFBC}") = "Strings", "Strings\Strings.csproj", "{8A0099A0-5358-445C-BAD1-E40BFD733BE9}"
EndProject
Project("{FAE04EC0-301F-11D3-BF4B-00C04F79EFBC}") = "BubbleBinary", "Chanctercount\BubbleBinary.csproj", "{770C8114-8837-4A3E-8C1D-A5B5967FF78E}"
EndProject
Project("{FAE04EC0-301F-11D3-BF4B-00C04F79EFBC}") = "Codechallenge3", "..\Codechallenge3\Codechallenge3\Codechallenge3.csproj", "{F79971B7-8245-415A-B7D5-988314999836}"
EndProject
Global
	GlobalSection(SolutionConfigurationPlatforms) = preSolution
		Debug|Any CPU = Debug|Any CPU
		Release|Any CPU = Release|Any CPU
	EndGlobalSection
	GlobalSection(ProjectConfigurationPlatforms) = postSolution
		{198BDD94-9191-4D42-8292-E6F7C1375B29}.Debug|Any CPU.ActiveCfg = Debug|Any CPU
		{198BDD94-9191-4D42-8292-E6F7C1375B29}.Debug|Any CPU.Build.0 = Debug|Any CPU
		{198BDD94-9191-4D42-8292-E6F7C1375B29}.Release|Any CPU.ActiveCfg = Release|Any CPU
		{198BDD94-9191-4D42-8292-E6F7C1375B29}.Release|Any CPU.Build.0 = Release|Any CPU
		{9DA3D9E2-4210-44FE-B4CC-DAFB93229A68}.Debug|Any CPU.ActiveCfg = Debug|Any CPU
		{9DA3D9E2-4210-44FE-B4CC-DAFB93229A68}.Debug|Any CPU.Build.0 = Debug|Any CPU
		{9DA3D9E2-4210-44FE-B4CC-DAFB93229A68}.Release|Any CPU.ActiveCfg = Release|Any CPU
		{9DA3D9E2-4210-44FE-B4CC-DAFB93229A68}.Release|Any CPU.Build.0 = Release|Any CPU
		{8A0099A0-5358-445C-BAD1-E40BFD733BE9}.Debug|Any CPU.ActiveCfg = Debug|Any CPU
		{8A0099A0-5358-445C-BAD1-E40BFD733BE9}.Debug|Any CPU.Build.0 = Debug|Any CPU
		{8A0099A0-5358-445C-BAD1-E40BFD733BE9}.Release|Any CPU.ActiveCfg = Release|Any CPU
		{8A0099A0-5358-445C-BAD1-E40BFD733BE9}.Release|Any CPU.Build.0 = Release|Any CPU
		{770C8114-8837-4A3E-8C1D-A5B5967FF78E}.Debug|Any CPU.ActiveCfg = Debug|Any CPU
		{770C8114-8837-4A3E-8C1D-A5B5967FF78E}.Debug|Any CPU.Build.0 = Debug|Any CPU
		{770C8114-8837-4A3E-8C1D-A5B5967FF78E}.Release|Any CPU.ActiveCfg = Release|Any CPU
		{770C8114-8837-4A3E-8C1D-A5B5967FF78E}.Release|Any CPU.Build.0 = Release|Any CPU
		{F79971B7-8245-415A-B7D5-988314999836}.Debug|Any CPU.ActiveCfg = Debug|Any CPU
		{F79971B7-8245-415A-B7D5-988314999836}.Debug|Any CPU.Build.0 = Debug|Any CPU
		{F79971B7-8245-415A-B7D5-988314999836}.Release|Any CPU.ActiveCfg = Release|Any CPU
		{F79971B7-8245-415A-B7D5-988314999836}.Release|Any CPU.Build.0 = Release|Any CPU
	EndGlobalSection
	GlobalSection(SolutionProperties) = preSolution
		HideSolutionNode = FALSE
	EndGlobalSection
	GlobalSection(ExtensibilityGlobals) = postSolution
		SolutionGuid = {6355D3A9-2CE1-43F9-98F7-CB42EB7F4637}
	EndGlobalSection
EndGlobal
