
Microsoft Visual Studio Solution File, Format Version 12.00
# Visual Studio 15
VisualStudioVersion = 15.0.28307.1022
MinimumVisualStudioVersion = 10.0.40219.1
Project("{FAE04EC0-301F-11D3-BF4B-00C04F79EFBC}") = "prokabbadi", "prokabbadi.csproj", "{88C45C50-8ADA-4756-9BC3-AD91398FA53D}"
EndProject
Global
	GlobalSection(SolutionConfigurationPlatforms) = preSolution
		Debug|Any CPU = Debug|Any CPU
		Release|Any CPU = Release|Any CPU
	EndGlobalSection
	GlobalSection(ProjectConfigurationPlatforms) = postSolution
		{88C45C50-8ADA-4756-9BC3-AD91398FA53D}.Debug|Any CPU.ActiveCfg = Debug|Any CPU
		{88C45C50-8ADA-4756-9BC3-AD91398FA53D}.Debug|Any CPU.Build.0 = Debug|Any CPU
		{88C45C50-8ADA-4756-9BC3-AD91398FA53D}.Release|Any CPU.ActiveCfg = Release|Any CPU
		{88C45C50-8ADA-4756-9BC3-AD91398FA53D}.Release|Any CPU.Build.0 = Release|Any CPU
	EndGlobalSection
	GlobalSection(SolutionProperties) = preSolution
		HideSolutionNode = FALSE
	EndGlobalSection
	GlobalSection(ExtensibilityGlobals) = postSolution
		SolutionGuid = {EDB2A666-9120-4CBB-A576-29B7FF8AFBDF}
	EndGlobalSection
EndGlobal
