
Microsoft Visual Studio Solution File, Format Version 12.00
# Visual Studio 15
VisualStudioVersion = 15.0.28307.1022
MinimumVisualStudioVersion = 10.0.40219.1
Project("{FAE04EC0-301F-11D3-BF4B-00C04F79EFBC}") = "Capability2", "Capability2\Capability2.csproj", "{75CF1F0F-7638-470B-AF97-C2C23282A982}"
EndProject
Global
	GlobalSection(SolutionConfigurationPlatforms) = preSolution
		Debug|Any CPU = Debug|Any CPU
		Release|Any CPU = Release|Any CPU
	EndGlobalSection
	GlobalSection(ProjectConfigurationPlatforms) = postSolution
		{75CF1F0F-7638-470B-AF97-C2C23282A982}.Debug|Any CPU.ActiveCfg = Debug|Any CPU
		{75CF1F0F-7638-470B-AF97-C2C23282A982}.Debug|Any CPU.Build.0 = Debug|Any CPU
		{75CF1F0F-7638-470B-AF97-C2C23282A982}.Release|Any CPU.ActiveCfg = Release|Any CPU
		{75CF1F0F-7638-470B-AF97-C2C23282A982}.Release|Any CPU.Build.0 = Release|Any CPU
	EndGlobalSection
	GlobalSection(SolutionProperties) = preSolution
		HideSolutionNode = FALSE
	EndGlobalSection
	GlobalSection(ExtensibilityGlobals) = postSolution
		SolutionGuid = {8BDB8471-0237-4081-B737-1650BA95B8C1}
	EndGlobalSection
EndGlobal
