
Microsoft Visual Studio Solution File, Format Version 12.00
# Visual Studio 15
VisualStudioVersion = 15.0.28307.1022
MinimumVisualStudioVersion = 10.0.40219.1
Project("{FAE04EC0-301F-11D3-BF4B-00C04F79EFBC}") = "CollegeDetailSystem", "CollegeDetailSystem\CollegeDetailSystem.csproj", "{84039943-8F2D-4E10-B044-B48385A75817}"
EndProject
Project("{FAE04EC0-301F-11D3-BF4B-00C04F79EFBC}") = "BusinessLayer", "BusinessLayer\BusinessLayer.csproj", "{1546537D-9170-4B15-9ED3-2774173AFDE0}"
EndProject
Project("{FAE04EC0-301F-11D3-BF4B-00C04F79EFBC}") = "DataAccessLayer", "DataAccessLayer\DataAccessLayer.csproj", "{CCE194C1-8E7C-413F-BF8B-8798D4F5E2F7}"
EndProject
Project("{FAE04EC0-301F-11D3-BF4B-00C04F79EFBC}") = "EntitiesLayer", "EntitiesLayer\EntitiesLayer.csproj", "{A37481BA-0B0F-428A-A921-6964C2DA9BA3}"
EndProject
Project("{FAE04EC0-301F-11D3-BF4B-00C04F79EFBC}") = "Exception", "Exception\Exception.csproj", "{1CF99342-C366-4479-BA8D-3B3243C0013D}"
EndProject
Global
	GlobalSection(SolutionConfigurationPlatforms) = preSolution
		Debug|Any CPU = Debug|Any CPU
		Release|Any CPU = Release|Any CPU
	EndGlobalSection
	GlobalSection(ProjectConfigurationPlatforms) = postSolution
		{84039943-8F2D-4E10-B044-B48385A75817}.Debug|Any CPU.ActiveCfg = Debug|Any CPU
		{84039943-8F2D-4E10-B044-B48385A75817}.Debug|Any CPU.Build.0 = Debug|Any CPU
		{84039943-8F2D-4E10-B044-B48385A75817}.Release|Any CPU.ActiveCfg = Release|Any CPU
		{84039943-8F2D-4E10-B044-B48385A75817}.Release|Any CPU.Build.0 = Release|Any CPU
		{1546537D-9170-4B15-9ED3-2774173AFDE0}.Debug|Any CPU.ActiveCfg = Debug|Any CPU
		{1546537D-9170-4B15-9ED3-2774173AFDE0}.Debug|Any CPU.Build.0 = Debug|Any CPU
		{1546537D-9170-4B15-9ED3-2774173AFDE0}.Release|Any CPU.ActiveCfg = Release|Any CPU
		{1546537D-9170-4B15-9ED3-2774173AFDE0}.Release|Any CPU.Build.0 = Release|Any CPU
		{CCE194C1-8E7C-413F-BF8B-8798D4F5E2F7}.Debug|Any CPU.ActiveCfg = Debug|Any CPU
		{CCE194C1-8E7C-413F-BF8B-8798D4F5E2F7}.Debug|Any CPU.Build.0 = Debug|Any CPU
		{CCE194C1-8E7C-413F-BF8B-8798D4F5E2F7}.Release|Any CPU.ActiveCfg = Release|Any CPU
		{CCE194C1-8E7C-413F-BF8B-8798D4F5E2F7}.Release|Any CPU.Build.0 = Release|Any CPU
		{A37481BA-0B0F-428A-A921-6964C2DA9BA3}.Debug|Any CPU.ActiveCfg = Debug|Any CPU
		{A37481BA-0B0F-428A-A921-6964C2DA9BA3}.Debug|Any CPU.Build.0 = Debug|Any CPU
		{A37481BA-0B0F-428A-A921-6964C2DA9BA3}.Release|Any CPU.ActiveCfg = Release|Any CPU
		{A37481BA-0B0F-428A-A921-6964C2DA9BA3}.Release|Any CPU.Build.0 = Release|Any CPU
		{1CF99342-C366-4479-BA8D-3B3243C0013D}.Debug|Any CPU.ActiveCfg = Debug|Any CPU
		{1CF99342-C366-4479-BA8D-3B3243C0013D}.Debug|Any CPU.Build.0 = Debug|Any CPU
		{1CF99342-C366-4479-BA8D-3B3243C0013D}.Release|Any CPU.ActiveCfg = Release|Any CPU
		{1CF99342-C366-4479-BA8D-3B3243C0013D}.Release|Any CPU.Build.0 = Release|Any CPU
	EndGlobalSection
	GlobalSection(SolutionProperties) = preSolution
		HideSolutionNode = FALSE
	EndGlobalSection
	GlobalSection(ExtensibilityGlobals) = postSolution
		SolutionGuid = {4D9474A5-44CD-4FB6-BB63-4A3A31E236E8}
	EndGlobalSection
EndGlobal
