
Microsoft Visual Studio Solution File, Format Version 12.00
# Visual Studio 15
VisualStudioVersion = 15.0.28307.1022
MinimumVisualStudioVersion = 10.0.40219.1
Project("{FAE04EC0-301F-11D3-BF4B-00C04F79EFBC}") = "polymorphism", "ConsoleApp4\polymorphism.csproj", "{344A0149-B3E9-4254-ADE9-A18EAF79722C}"
EndProject
Project("{FAE04EC0-301F-11D3-BF4B-00C04F79EFBC}") = "abstraction", "demo2\abstraction.csproj", "{09B11963-6DE6-41AD-B14B-C47D30598E61}"
EndProject
Project("{FAE04EC0-301F-11D3-BF4B-00C04F79EFBC}") = "encapsulation", "Demo3\encapsulation.csproj", "{F790E77C-D7B9-47A9-A3DB-33AD57DEBE2C}"
EndProject
Global
	GlobalSection(SolutionConfigurationPlatforms) = preSolution
		Debug|Any CPU = Debug|Any CPU
		Release|Any CPU = Release|Any CPU
	EndGlobalSection
	GlobalSection(ProjectConfigurationPlatforms) = postSolution
		{344A0149-B3E9-4254-ADE9-A18EAF79722C}.Debug|Any CPU.ActiveCfg = Debug|Any CPU
		{344A0149-B3E9-4254-ADE9-A18EAF79722C}.Debug|Any CPU.Build.0 = Debug|Any CPU
		{344A0149-B3E9-4254-ADE9-A18EAF79722C}.Release|Any CPU.ActiveCfg = Release|Any CPU
		{344A0149-B3E9-4254-ADE9-A18EAF79722C}.Release|Any CPU.Build.0 = Release|Any CPU
		{09B11963-6DE6-41AD-B14B-C47D30598E61}.Debug|Any CPU.ActiveCfg = Debug|Any CPU
		{09B11963-6DE6-41AD-B14B-C47D30598E61}.Debug|Any CPU.Build.0 = Debug|Any CPU
		{09B11963-6DE6-41AD-B14B-C47D30598E61}.Release|Any CPU.ActiveCfg = Release|Any CPU
		{09B11963-6DE6-41AD-B14B-C47D30598E61}.Release|Any CPU.Build.0 = Release|Any CPU
		{F790E77C-D7B9-47A9-A3DB-33AD57DEBE2C}.Debug|Any CPU.ActiveCfg = Debug|Any CPU
		{F790E77C-D7B9-47A9-A3DB-33AD57DEBE2C}.Debug|Any CPU.Build.0 = Debug|Any CPU
		{F790E77C-D7B9-47A9-A3DB-33AD57DEBE2C}.Release|Any CPU.ActiveCfg = Release|Any CPU
		{F790E77C-D7B9-47A9-A3DB-33AD57DEBE2C}.Release|Any CPU.Build.0 = Release|Any CPU
	EndGlobalSection
	GlobalSection(SolutionProperties) = preSolution
		HideSolutionNode = FALSE
	EndGlobalSection
	GlobalSection(ExtensibilityGlobals) = postSolution
		SolutionGuid = {54A900B7-254A-41C1-99A8-AA91F4F21D15}
	EndGlobalSection
EndGlobal
