
Microsoft Visual Studio Solution File, Format Version 12.00
# Visual Studio 15
VisualStudioVersion = 15.0.28307.1022
MinimumVisualStudioVersion = 10.0.40219.1
Project("{FAE04EC0-301F-11D3-BF4B-00C04F79EFBC}") = "BikeMVC", "BikeMVC\BikeMVC.csproj", "{918CEC40-C1B5-4638-9956-E869284EC256}"
EndProject
Global
	GlobalSection(SolutionConfigurationPlatforms) = preSolution
		Debug|Any CPU = Debug|Any CPU
		Release|Any CPU = Release|Any CPU
	EndGlobalSection
	GlobalSection(ProjectConfigurationPlatforms) = postSolution
		{918CEC40-C1B5-4638-9956-E869284EC256}.Debug|Any CPU.ActiveCfg = Debug|Any CPU
		{918CEC40-C1B5-4638-9956-E869284EC256}.Debug|Any CPU.Build.0 = Debug|Any CPU
		{918CEC40-C1B5-4638-9956-E869284EC256}.Release|Any CPU.ActiveCfg = Release|Any CPU
		{918CEC40-C1B5-4638-9956-E869284EC256}.Release|Any CPU.Build.0 = Release|Any CPU
	EndGlobalSection
	GlobalSection(SolutionProperties) = preSolution
		HideSolutionNode = FALSE
	EndGlobalSection
	GlobalSection(ExtensibilityGlobals) = postSolution
		SolutionGuid = {FC5E077A-5398-4431-B0DC-16B08C81A1BC}
	EndGlobalSection
EndGlobal
